
Microsoft Visual Studio Solution File, Format Version 12.00
# Visual Studio Version 17
VisualStudioVersion = 17.2.32616.157
MinimumVisualStudioVersion = 10.0.40219.1
Project("{2150E333-8FDC-42A3-9474-1A3956D46DE8}") = "Solution Items", "Solution Items", "{DCCD4D45-3349-48CD-96C3-2F903BBA7C85}"
	ProjectSection(SolutionItems) = preProject
		ServiceUrls.txt = ServiceUrls.txt
	EndProjectSection
EndProject
Project("{2150E333-8FDC-42A3-9474-1A3956D46DE8}") = "src", "src", "{6AB0D464-B875-49C4-99D1-E591D31349E6}"
EndProject
Project("{2150E333-8FDC-42A3-9474-1A3956D46DE8}") = "ApiGateways", "ApiGateways", "{BD2061D3-73A7-4F4B-97CB-CBB117B15E0A}"
EndProject
Project("{2150E333-8FDC-42A3-9474-1A3956D46DE8}") = "BuildingBlocks", "BuildingBlocks", "{51092128-FB1A-446C-AE3E-991897A3F999}"
EndProject
Project("{2150E333-8FDC-42A3-9474-1A3956D46DE8}") = "Clients", "Clients", "{2433D154-A4F0-45EF-825D-D5040CCE02C0}"
EndProject
Project("{2150E333-8FDC-42A3-9474-1A3956D46DE8}") = "Services", "Services", "{3C689149-DE8B-40BD-99D6-574DB53F70B3}"
EndProject
Project("{2150E333-8FDC-42A3-9474-1A3956D46DE8}") = "EventBus", "EventBus", "{72D98C5E-E691-4786-AD32-B637CA166646}"
EndProject
Project("{9A19103F-16F7-4668-BE54-9A1E7A4F7556}") = "EventBus.AzureServiceBus", "src\BuildingBlocks\EventBus\EventBus.AzureServiceBus\EventBus.AzureServiceBus.csproj", "{A47B0494-4354-45C2-B76C-ED05B712B8CD}"
EndProject
Project("{9A19103F-16F7-4668-BE54-9A1E7A4F7556}") = "Web.ApiGateway", "src\ApiGateways\WebApiGateway\Web.ApiGateway\Web.ApiGateway.csproj", "{BE635860-4481-4308-B820-0E7086599FD2}"
EndProject
Project("{9A19103F-16F7-4668-BE54-9A1E7A4F7556}") = "WebApp", "src\Clients\BlazorWebApp\WebApp\WebApp.csproj", "{058E04CD-13A7-4D1E-BB67-47D3B34C8D55}"
EndProject
Project("{9A19103F-16F7-4668-BE54-9A1E7A4F7556}") = "EventBus.Base", "src\BuildingBlocks\EventBus\EventBus.Base\EventBus.Base.csproj", "{F0404530-36EF-47C0-AE33-FD9F731E157E}"
EndProject
Project("{9A19103F-16F7-4668-BE54-9A1E7A4F7556}") = "EventBus.Factory", "src\BuildingBlocks\EventBus\EventBus.Factory\EventBus.Factory.csproj", "{FA321325-8DC0-4225-BDFF-BB7623223A05}"
EndProject
Project("{9A19103F-16F7-4668-BE54-9A1E7A4F7556}") = "EventBus.RabbitMQ", "src\BuildingBlocks\EventBus\EventBus.RabbitMQ\EventBus.RabbitMQ.csproj", "{0D5D4B2F-D80C-4611-B588-A2C381F922BF}"
EndProject
Project("{9A19103F-16F7-4668-BE54-9A1E7A4F7556}") = "BasketService.Api", "src\Services\BasketService\BasketService.Api\BasketService.Api.csproj", "{9508D146-5597-4C54-BADF-CE5FF47ED10B}"
EndProject
Project("{2150E333-8FDC-42A3-9474-1A3956D46DE8}") = "BasketService", "BasketService", "{1B8E0199-73A4-48DE-BF15-74461228A7A1}"
EndProject
Project("{2150E333-8FDC-42A3-9474-1A3956D46DE8}") = "CatalogService", "CatalogService", "{0BCC654C-6729-4733-9B44-2D9056F64D9E}"
EndProject
Project("{2150E333-8FDC-42A3-9474-1A3956D46DE8}") = "IdentityService", "IdentityService", "{086A0622-970F-445B-AE14-AE1C1BD64969}"
EndProject
Project("{2150E333-8FDC-42A3-9474-1A3956D46DE8}") = "PaymentService", "PaymentService", "{D1771AF1-6AC3-4716-841B-A6C35CFA326A}"
EndProject
Project("{2150E333-8FDC-42A3-9474-1A3956D46DE8}") = "NotificationService", "NotificationService", "{8020BF1D-35E0-45E2-AD6A-90129278F80A}"
EndProject
Project("{2150E333-8FDC-42A3-9474-1A3956D46DE8}") = "OrderService", "OrderService", "{2F4EA615-162C-4019-8DB1-B782F8486FFC}"
EndProject
Project("{9A19103F-16F7-4668-BE54-9A1E7A4F7556}") = "CatalogService.Api", "src\Services\CatalogService\CatalogService.Api\CatalogService.Api.csproj", "{BF1F22FB-F3CC-4F07-BD65-47643E9C0269}"
EndProject
Project("{9A19103F-16F7-4668-BE54-9A1E7A4F7556}") = "IdentityService.Api", "src\Services\IdentityService\IdentityService.Api\IdentityService.Api.csproj", "{F3E1CE55-DBB0-40AF-920F-D93AD5B28FFA}"
EndProject
Project("{9A19103F-16F7-4668-BE54-9A1E7A4F7556}") = "NotificationService", "src\Services\NotificationService\NotificationService\NotificationService.csproj", "{959BF7D2-D8EF-4F37-82D6-E29C13B9C851}"
EndProject
Project("{9A19103F-16F7-4668-BE54-9A1E7A4F7556}") = "PaymentService.Api", "src\Services\PaymentService\PaymentService.Api\PaymentService.Api.csproj", "{97B476B8-75B2-40D7-9C95-0C68376A85DA}"
EndProject
Project("{9A19103F-16F7-4668-BE54-9A1E7A4F7556}") = "OrderService.Application", "src\Services\OrderService\OrderService.Application\OrderService.Application.csproj", "{C4C87644-ECC7-4232-BA2D-51E0EA6746EF}"
EndProject
Project("{9A19103F-16F7-4668-BE54-9A1E7A4F7556}") = "OrderService.Domain", "src\Services\OrderService\OrderService.Domain\OrderService.Domain.csproj", "{BA8A907D-1E03-46D0-BBBE-203A89BE96F0}"
EndProject
Project("{9A19103F-16F7-4668-BE54-9A1E7A4F7556}") = "OrderService.Infrastructure", "src\Services\OrderService\OrderService.Infrastructure\OrderService.Infrastructure.csproj", "{5328A275-D9BD-4108-970F-EC1F638611C7}"
EndProject
Project("{9A19103F-16F7-4668-BE54-9A1E7A4F7556}") = "OrderService.Api", "src\Services\OrderService\OrderService.Api\OrderService.Api.csproj", "{D8AF5854-4F5C-4761-AF3D-32BB5A2D6936}"
EndProject
Global
	GlobalSection(SolutionConfigurationPlatforms) = preSolution
		Debug|Any CPU = Debug|Any CPU
		Release|Any CPU = Release|Any CPU
	EndGlobalSection
	GlobalSection(ProjectConfigurationPlatforms) = postSolution
		{A47B0494-4354-45C2-B76C-ED05B712B8CD}.Debug|Any CPU.ActiveCfg = Debug|Any CPU
		{A47B0494-4354-45C2-B76C-ED05B712B8CD}.Debug|Any CPU.Build.0 = Debug|Any CPU
		{A47B0494-4354-45C2-B76C-ED05B712B8CD}.Release|Any CPU.ActiveCfg = Release|Any CPU
		{A47B0494-4354-45C2-B76C-ED05B712B8CD}.Release|Any CPU.Build.0 = Release|Any CPU
		{BE635860-4481-4308-B820-0E7086599FD2}.Debug|Any CPU.ActiveCfg = Debug|Any CPU
		{BE635860-4481-4308-B820-0E7086599FD2}.Debug|Any CPU.Build.0 = Debug|Any CPU
		{BE635860-4481-4308-B820-0E7086599FD2}.Release|Any CPU.ActiveCfg = Release|Any CPU
		{BE635860-4481-4308-B820-0E7086599FD2}.Release|Any CPU.Build.0 = Release|Any CPU
		{058E04CD-13A7-4D1E-BB67-47D3B34C8D55}.Debug|Any CPU.ActiveCfg = Debug|Any CPU
		{058E04CD-13A7-4D1E-BB67-47D3B34C8D55}.Debug|Any CPU.Build.0 = Debug|Any CPU
		{058E04CD-13A7-4D1E-BB67-47D3B34C8D55}.Release|Any CPU.ActiveCfg = Release|Any CPU
		{058E04CD-13A7-4D1E-BB67-47D3B34C8D55}.Release|Any CPU.Build.0 = Release|Any CPU
		{F0404530-36EF-47C0-AE33-FD9F731E157E}.Debug|Any CPU.ActiveCfg = Debug|Any CPU
		{F0404530-36EF-47C0-AE33-FD9F731E157E}.Debug|Any CPU.Build.0 = Debug|Any CPU
		{F0404530-36EF-47C0-AE33-FD9F731E157E}.Release|Any CPU.ActiveCfg = Release|Any CPU
		{F0404530-36EF-47C0-AE33-FD9F731E157E}.Release|Any CPU.Build.0 = Release|Any CPU
		{FA321325-8DC0-4225-BDFF-BB7623223A05}.Debug|Any CPU.ActiveCfg = Debug|Any CPU
		{FA321325-8DC0-4225-BDFF-BB7623223A05}.Debug|Any CPU.Build.0 = Debug|Any CPU
		{FA321325-8DC0-4225-BDFF-BB7623223A05}.Release|Any CPU.ActiveCfg = Release|Any CPU
		{FA321325-8DC0-4225-BDFF-BB7623223A05}.Release|Any CPU.Build.0 = Release|Any CPU
		{0D5D4B2F-D80C-4611-B588-A2C381F922BF}.Debug|Any CPU.ActiveCfg = Debug|Any CPU
		{0D5D4B2F-D80C-4611-B588-A2C381F922BF}.Debug|Any CPU.Build.0 = Debug|Any CPU
		{0D5D4B2F-D80C-4611-B588-A2C381F922BF}.Release|Any CPU.ActiveCfg = Release|Any CPU
		{0D5D4B2F-D80C-4611-B588-A2C381F922BF}.Release|Any CPU.Build.0 = Release|Any CPU
		{9508D146-5597-4C54-BADF-CE5FF47ED10B}.Debug|Any CPU.ActiveCfg = Debug|Any CPU
		{9508D146-5597-4C54-BADF-CE5FF47ED10B}.Debug|Any CPU.Build.0 = Debug|Any CPU
		{9508D146-5597-4C54-BADF-CE5FF47ED10B}.Release|Any CPU.ActiveCfg = Release|Any CPU
		{9508D146-5597-4C54-BADF-CE5FF47ED10B}.Release|Any CPU.Build.0 = Release|Any CPU
		{BF1F22FB-F3CC-4F07-BD65-47643E9C0269}.Debug|Any CPU.ActiveCfg = Debug|Any CPU
		{BF1F22FB-F3CC-4F07-BD65-47643E9C0269}.Debug|Any CPU.Build.0 = Debug|Any CPU
		{BF1F22FB-F3CC-4F07-BD65-47643E9C0269}.Release|Any CPU.ActiveCfg = Release|Any CPU
		{BF1F22FB-F3CC-4F07-BD65-47643E9C0269}.Release|Any CPU.Build.0 = Release|Any CPU
		{F3E1CE55-DBB0-40AF-920F-D93AD5B28FFA}.Debug|Any CPU.ActiveCfg = Debug|Any CPU
		{F3E1CE55-DBB0-40AF-920F-D93AD5B28FFA}.Debug|Any CPU.Build.0 = Debug|Any CPU
		{F3E1CE55-DBB0-40AF-920F-D93AD5B28FFA}.Release|Any CPU.ActiveCfg = Release|Any CPU
		{F3E1CE55-DBB0-40AF-920F-D93AD5B28FFA}.Release|Any CPU.Build.0 = Release|Any CPU
		{959BF7D2-D8EF-4F37-82D6-E29C13B9C851}.Debug|Any CPU.ActiveCfg = Debug|Any CPU
		{959BF7D2-D8EF-4F37-82D6-E29C13B9C851}.Debug|Any CPU.Build.0 = Debug|Any CPU
		{959BF7D2-D8EF-4F37-82D6-E29C13B9C851}.Release|Any CPU.ActiveCfg = Release|Any CPU
		{959BF7D2-D8EF-4F37-82D6-E29C13B9C851}.Release|Any CPU.Build.0 = Release|Any CPU
		{97B476B8-75B2-40D7-9C95-0C68376A85DA}.Debug|Any CPU.ActiveCfg = Debug|Any CPU
		{97B476B8-75B2-40D7-9C95-0C68376A85DA}.Debug|Any CPU.Build.0 = Debug|Any CPU
		{97B476B8-75B2-40D7-9C95-0C68376A85DA}.Release|Any CPU.ActiveCfg = Release|Any CPU
		{97B476B8-75B2-40D7-9C95-0C68376A85DA}.Release|Any CPU.Build.0 = Release|Any CPU
		{C4C87644-ECC7-4232-BA2D-51E0EA6746EF}.Debug|Any CPU.ActiveCfg = Debug|Any CPU
		{C4C87644-ECC7-4232-BA2D-51E0EA6746EF}.Debug|Any CPU.Build.0 = Debug|Any CPU
		{C4C87644-ECC7-4232-BA2D-51E0EA6746EF}.Release|Any CPU.ActiveCfg = Release|Any CPU
		{C4C87644-ECC7-4232-BA2D-51E0EA6746EF}.Release|Any CPU.Build.0 = Release|Any CPU
		{BA8A907D-1E03-46D0-BBBE-203A89BE96F0}.Debug|Any CPU.ActiveCfg = Debug|Any CPU
		{BA8A907D-1E03-46D0-BBBE-203A89BE96F0}.Debug|Any CPU.Build.0 = Debug|Any CPU
		{BA8A907D-1E03-46D0-BBBE-203A89BE96F0}.Release|Any CPU.ActiveCfg = Release|Any CPU
		{BA8A907D-1E03-46D0-BBBE-203A89BE96F0}.Release|Any CPU.Build.0 = Release|Any CPU
		{5328A275-D9BD-4108-970F-EC1F638611C7}.Debug|Any CPU.ActiveCfg = Debug|Any CPU
		{5328A275-D9BD-4108-970F-EC1F638611C7}.Debug|Any CPU.Build.0 = Debug|Any CPU
		{5328A275-D9BD-4108-970F-EC1F638611C7}.Release|Any CPU.ActiveCfg = Release|Any CPU
		{5328A275-D9BD-4108-970F-EC1F638611C7}.Release|Any CPU.Build.0 = Release|Any CPU
		{D8AF5854-4F5C-4761-AF3D-32BB5A2D6936}.Debug|Any CPU.ActiveCfg = Debug|Any CPU
		{D8AF5854-4F5C-4761-AF3D-32BB5A2D6936}.Debug|Any CPU.Build.0 = Debug|Any CPU
		{D8AF5854-4F5C-4761-AF3D-32BB5A2D6936}.Release|Any CPU.ActiveCfg = Release|Any CPU
		{D8AF5854-4F5C-4761-AF3D-32BB5A2D6936}.Release|Any CPU.Build.0 = Release|Any CPU
	EndGlobalSection
	GlobalSection(SolutionProperties) = preSolution
		HideSolutionNode = FALSE
	EndGlobalSection
	GlobalSection(NestedProjects) = preSolution
		{BD2061D3-73A7-4F4B-97CB-CBB117B15E0A} = {6AB0D464-B875-49C4-99D1-E591D31349E6}
		{51092128-FB1A-446C-AE3E-991897A3F999} = {6AB0D464-B875-49C4-99D1-E591D31349E6}
		{2433D154-A4F0-45EF-825D-D5040CCE02C0} = {6AB0D464-B875-49C4-99D1-E591D31349E6}
		{3C689149-DE8B-40BD-99D6-574DB53F70B3} = {6AB0D464-B875-49C4-99D1-E591D31349E6}
		{72D98C5E-E691-4786-AD32-B637CA166646} = {51092128-FB1A-446C-AE3E-991897A3F999}
		{A47B0494-4354-45C2-B76C-ED05B712B8CD} = {72D98C5E-E691-4786-AD32-B637CA166646}
		{BE635860-4481-4308-B820-0E7086599FD2} = {BD2061D3-73A7-4F4B-97CB-CBB117B15E0A}
		{058E04CD-13A7-4D1E-BB67-47D3B34C8D55} = {2433D154-A4F0-45EF-825D-D5040CCE02C0}
		{F0404530-36EF-47C0-AE33-FD9F731E157E} = {72D98C5E-E691-4786-AD32-B637CA166646}
		{FA321325-8DC0-4225-BDFF-BB7623223A05} = {72D98C5E-E691-4786-AD32-B637CA166646}
		{0D5D4B2F-D80C-4611-B588-A2C381F922BF} = {72D98C5E-E691-4786-AD32-B637CA166646}
		{9508D146-5597-4C54-BADF-CE5FF47ED10B} = {1B8E0199-73A4-48DE-BF15-74461228A7A1}
		{1B8E0199-73A4-48DE-BF15-74461228A7A1} = {3C689149-DE8B-40BD-99D6-574DB53F70B3}
		{0BCC654C-6729-4733-9B44-2D9056F64D9E} = {3C689149-DE8B-40BD-99D6-574DB53F70B3}
		{086A0622-970F-445B-AE14-AE1C1BD64969} = {3C689149-DE8B-40BD-99D6-574DB53F70B3}
		{D1771AF1-6AC3-4716-841B-A6C35CFA326A} = {3C689149-DE8B-40BD-99D6-574DB53F70B3}
		{8020BF1D-35E0-45E2-AD6A-90129278F80A} = {3C689149-DE8B-40BD-99D6-574DB53F70B3}
		{2F4EA615-162C-4019-8DB1-B782F8486FFC} = {3C689149-DE8B-40BD-99D6-574DB53F70B3}
		{BF1F22FB-F3CC-4F07-BD65-47643E9C0269} = {0BCC654C-6729-4733-9B44-2D9056F64D9E}
		{F3E1CE55-DBB0-40AF-920F-D93AD5B28FFA} = {086A0622-970F-445B-AE14-AE1C1BD64969}
		{959BF7D2-D8EF-4F37-82D6-E29C13B9C851} = {8020BF1D-35E0-45E2-AD6A-90129278F80A}
		{97B476B8-75B2-40D7-9C95-0C68376A85DA} = {D1771AF1-6AC3-4716-841B-A6C35CFA326A}
		{C4C87644-ECC7-4232-BA2D-51E0EA6746EF} = {2F4EA615-162C-4019-8DB1-B782F8486FFC}
		{BA8A907D-1E03-46D0-BBBE-203A89BE96F0} = {2F4EA615-162C-4019-8DB1-B782F8486FFC}
		{5328A275-D9BD-4108-970F-EC1F638611C7} = {2F4EA615-162C-4019-8DB1-B782F8486FFC}
		{D8AF5854-4F5C-4761-AF3D-32BB5A2D6936} = {2F4EA615-162C-4019-8DB1-B782F8486FFC}
	EndGlobalSection
	GlobalSection(ExtensibilityGlobals) = postSolution
		SolutionGuid = {C9DAEFB4-EDE1-40E5-8E08-03765572B400}
	EndGlobalSection
EndGlobal
